
Microsoft Visual Studio Solution File, Format Version 12.00
# Visual Studio Version 17
VisualStudioVersion = 17.9.34714.143
MinimumVisualStudioVersion = 10.0.40219.1
Project("{FAE04EC0-301F-11D3-BF4B-00C04F79EFBC}") = "Proyecto", "Proyecto.csproj", "{7C121AAF-A73C-4098-BA16-A85A30829C1A}"
EndProject
Global
	GlobalSection(SolutionConfigurationPlatforms) = preSolution
		Debug|Any CPU = Debug|Any CPU
		Release|Any CPU = Release|Any CPU
	EndGlobalSection
	GlobalSection(ProjectConfigurationPlatforms) = postSolution
		{7C121AAF-A73C-4098-BA16-A85A30829C1A}.Debug|Any CPU.ActiveCfg = Debug|Any CPU
		{7C121AAF-A73C-4098-BA16-A85A30829C1A}.Debug|Any CPU.Build.0 = Debug|Any CPU
		{7C121AAF-A73C-4098-BA16-A85A30829C1A}.Release|Any CPU.ActiveCfg = Release|Any CPU
		{7C121AAF-A73C-4098-BA16-A85A30829C1A}.Release|Any CPU.Build.0 = Release|Any CPU
	EndGlobalSection
	GlobalSection(SolutionProperties) = preSolution
		HideSolutionNode = FALSE
	EndGlobalSection
	GlobalSection(ExtensibilityGlobals) = postSolution
		SolutionGuid = {1DF643CF-2F04-45E4-8E7D-C5ACAE8DF05E}
	EndGlobalSection
EndGlobal
